
Microsoft Visual Studio Solution File, Format Version 12.00
# Visual Studio Version 17
VisualStudioVersion = 17.0.31903.59
MinimumVisualStudioVersion = 10.0.40219.1
Project("{2150E333-8FDC-42A3-9474-1A3956D46DE8}") = "apps", "apps", "{D76DC30B-12FD-4899-A6DE-D20F22C02465}"
EndProject
Project("{FAE04EC0-301F-11D3-BF4B-00C04F79EFBC}") = "MailManager.Api", "apps\api\MailManager.Api.csproj", "{69A7B276-C874-42E1-8BB8-A9B3BABFD9CD}"
EndProject
Project("{2150E333-8FDC-42A3-9474-1A3956D46DE8}") = "tests", "tests", "{091322A0-427D-4A87-9312-BC71F2E18CAB}"
EndProject
Project("{FAE04EC0-301F-11D3-BF4B-00C04F79EFBC}") = "MailManager.Api.Tests", "tests\MailManager.Api.Tests\MailManager.Api.Tests.csproj", "{E9A69D6A-59DB-4E54-9964-F594AA37E52C}"
EndProject
Global
	GlobalSection(SolutionConfigurationPlatforms) = preSolution
		Debug|Any CPU = Debug|Any CPU
		Release|Any CPU = Release|Any CPU
	EndGlobalSection
	GlobalSection(SolutionProperties) = preSolution
		HideSolutionNode = FALSE
	EndGlobalSection
	GlobalSection(ProjectConfigurationPlatforms) = postSolution
		{69A7B276-C874-42E1-8BB8-A9B3BABFD9CD}.Debug|Any CPU.ActiveCfg = Debug|Any CPU
		{69A7B276-C874-42E1-8BB8-A9B3BABFD9CD}.Debug|Any CPU.Build.0 = Debug|Any CPU
		{69A7B276-C874-42E1-8BB8-A9B3BABFD9CD}.Release|Any CPU.ActiveCfg = Release|Any CPU
		{69A7B276-C874-42E1-8BB8-A9B3BABFD9CD}.Release|Any CPU.Build.0 = Release|Any CPU
		{E9A69D6A-59DB-4E54-9964-F594AA37E52C}.Debug|Any CPU.ActiveCfg = Debug|Any CPU
		{E9A69D6A-59DB-4E54-9964-F594AA37E52C}.Debug|Any CPU.Build.0 = Debug|Any CPU
		{E9A69D6A-59DB-4E54-9964-F594AA37E52C}.Release|Any CPU.ActiveCfg = Release|Any CPU
		{E9A69D6A-59DB-4E54-9964-F594AA37E52C}.Release|Any CPU.Build.0 = Release|Any CPU
	EndGlobalSection
	GlobalSection(NestedProjects) = preSolution
		{69A7B276-C874-42E1-8BB8-A9B3BABFD9CD} = {D76DC30B-12FD-4899-A6DE-D20F22C02465}
		{E9A69D6A-59DB-4E54-9964-F594AA37E52C} = {091322A0-427D-4A87-9312-BC71F2E18CAB}
	EndGlobalSection
EndGlobal
